<?xml version="1.0" encoding="utf-8"?>
<Project ToolsVersion="4.0" xmlns="http://schemas.microsoft.com/developer/msbuild/2003">
  <ItemGroup>
    <Filter Include="Source Files">
      <UniqueIdentifier>{4FC737F1-C7A5-4376-A066-2A32D752A2FF}</UniqueIdentifier>
      <Extensions>cpp;c;cc;cxx;def;odl;idl;hpj;bat;asm;asmx</Extensions>
    </Filter>
    <Filter Include="Header Files">
      <UniqueIdentifier>{93995380-89BD-4b04-88EB-625FBE52EBFB}</UniqueIdentifier>
      <Extensions>h;hh;hpp;hxx;hm;inl;inc;xsd</Extensions>
    </Filter>
    <Filter Include="Resource Files">
      <UniqueIdentifier>{67DA6AB6-F800-4c08-8B7A-83BB121AAD01}</UniqueIdentifier>
      <Extensions>rc;ico;cur;bmp;dlg;rc2;rct;bin;rgs;gif;jpg;jpeg;jpe;resx;tiff;tif;png;wav;mfcribbon-ms</Extensions>
    </Filter>
  </ItemGroup>
  <ItemGroup>
    <ClCompile Include="..\..\rag-engine\src\Component_Base.cpp">
      <Filter>Source Files</Filter>
    </ClCompile>
    <ClCompile Include="..\..\rag-engine\src\Component_Dragging.cpp">
      <Filter>Source Files</Filter>
    </ClCompile>
    <ClCompile Include="..\..\rag-engine\src\DebugConsole.cpp">
      <Filter>Source Files</Filter>
    </ClCompile>
    <ClCompile Include="..\..\rag-engine\src\Demo.cpp">
      <Filter>Source Files</Filter>
    </ClCompile>
    <ClCompile Include="..\..\rag-engine\src\DisplayObject.cpp">
      <Filter>Source Files</Filter>
    </ClCompile>
    <ClCompile Include="..\..\rag-engine\src\DisplayObjectBase.cpp">
      <Filter>Source Files</Filter>
    </ClCompile>
    <ClCompile Include="..\..\rag-engine\src\DisplayObjectContainer.cpp">
      <Filter>Source Files</Filter>
    </ClCompile>
    <ClCompile Include="..\..\rag-engine\src\DragEvent.cpp">
      <Filter>Source Files</Filter>
    </ClCompile>
    <ClCompile Include="..\..\rag-engine\src\Entity.cpp">
      <Filter>Source Files</Filter>
    </ClCompile>
    <ClCompile Include="..\..\rag-engine\src\Entity_Bot.cpp">
      <Filter>Source Files</Filter>
    </ClCompile>
    <ClCompile Include="..\..\rag-engine\src\Entity_Emitter.cpp">
      <Filter>Source Files</Filter>
    </ClCompile>
    <ClCompile Include="..\..\rag-engine\src\Entity_Floor.cpp">
      <Filter>Source Files</Filter>
    </ClCompile>
    <ClCompile Include="..\..\rag-engine\src\Event.cpp">
      <Filter>Source Files</Filter>
    </ClCompile>
    <ClCompile Include="..\..\rag-engine\src\EventDispatcher.cpp">
      <Filter>Source Files</Filter>
    </ClCompile>
    <ClCompile Include="..\..\rag-engine\src\EventListener.cpp">
      <Filter>Source Files</Filter>
    </ClCompile>
    <ClCompile Include="..\..\rag-engine\src\FontMgr.cpp">
      <Filter>Source Files</Filter>
    </ClCompile>
    <ClCompile Include="..\..\rag-engine\src\GameGlobal.cpp">
      <Filter>Source Files</Filter>
    </ClCompile>
    <ClCompile Include="..\..\rag-engine\src\GradientRect.cpp">
      <Filter>Source Files</Filter>
    </ClCompile>
    <ClCompile Include="..\..\rag-engine\src\Graphics.cpp">
      <Filter>Source Files</Filter>
    </ClCompile>
    <ClCompile Include="..\..\rag-engine\src\GUI_Base.cpp">
      <Filter>Source Files</Filter>
    </ClCompile>
    <ClCompile Include="..\..\rag-engine\src\GUI_BaseContainer.cpp">
      <Filter>Source Files</Filter>
    </ClCompile>
    <ClCompile Include="..\..\rag-engine\src\GUI_Button.cpp">
      <Filter>Source Files</Filter>
    </ClCompile>
    <ClCompile Include="..\..\rag-engine\src\GUI_Image.cpp">
      <Filter>Source Files</Filter>
    </ClCompile>
    <ClCompile Include="..\..\rag-engine\src\GUI_Label.cpp">
      <Filter>Source Files</Filter>
    </ClCompile>
    <ClCompile Include="..\..\rag-engine\src\GUI_ScrollVBox.cpp">
      <Filter>Source Files</Filter>
    </ClCompile>
    <ClCompile Include="..\..\rag-engine\src\GUI_VBox.cpp">
      <Filter>Source Files</Filter>
    </ClCompile>
    <ClCompile Include="..\..\rag-engine\src\GUI_VScrollBar.cpp">
      <Filter>Source Files</Filter>
    </ClCompile>
    <ClCompile Include="..\..\rag-engine\src\GUI_Window.cpp">
      <Filter>Source Files</Filter>
    </ClCompile>
    <ClCompile Include="..\..\rag-engine\src\Kernel.cpp">
      <Filter>Source Files</Filter>
    </ClCompile>
    <ClCompile Include="..\..\rag-engine\src\KeyboardEvent.cpp">
      <Filter>Source Files</Filter>
    </ClCompile>
    <ClCompile Include="..\..\rag-engine\src\Logger.cpp">
      <Filter>Source Files</Filter>
    </ClCompile>
    <ClCompile Include="..\..\rag-engine\src\MouseEvent.cpp">
      <Filter>Source Files</Filter>
    </ClCompile>
    <ClCompile Include="..\..\rag-engine\src\Object.cpp">
      <Filter>Source Files</Filter>
    </ClCompile>
    <ClCompile Include="..\..\rag-engine\src\Page.cpp">
      <Filter>Source Files</Filter>
    </ClCompile>
    <ClCompile Include="..\..\rag-engine\src\Page_Default.cpp">
      <Filter>Source Files</Filter>
    </ClCompile>
    <ClCompile Include="..\..\rag-engine\src\Page_Gameplay.cpp">
      <Filter>Source Files</Filter>
    </ClCompile>
    <ClCompile Include="..\..\rag-engine\src\Page_GfxTest.cpp">
      <Filter>Source Files</Filter>
    </ClCompile>
    <ClCompile Include="..\..\rag-engine\src\Page_LuaTest.cpp">
      <Filter>Source Files</Filter>
    </ClCompile>
    <ClCompile Include="..\..\rag-engine\src\Page_TestCO.cpp">
      <Filter>Source Files</Filter>
    </ClCompile>
    <ClCompile Include="..\..\rag-engine\src\Page_TestDisplayObject.cpp">
      <Filter>Source Files</Filter>
    </ClCompile>
    <ClCompile Include="..\..\rag-engine\src\Page_TestFont.cpp">
      <Filter>Source Files</Filter>
    </ClCompile>
    <ClCompile Include="..\..\rag-engine\src\Page_TestLinearAlgebra.cpp">
      <Filter>Source Files</Filter>
    </ClCompile>
    <ClCompile Include="..\..\rag-engine\src\Page_TestUI.cpp">
      <Filter>Source Files</Filter>
    </ClCompile>
    <ClCompile Include="..\..\rag-engine\src\Profiler.cpp">
      <Filter>Source Files</Filter>
    </ClCompile>
    <ClCompile Include="..\..\rag-engine\src\ScrollBarEvent.cpp">
      <Filter>Source Files</Filter>
    </ClCompile>
    <ClCompile Include="..\..\rag-engine\src\Stage.cpp">
      <Filter>Source Files</Filter>
    </ClCompile>
    <ClCompile Include="..\..\rag-engine\src\Texture.cpp">
      <Filter>Source Files</Filter>
    </ClCompile>
    <ClCompile Include="..\..\rag-engine\src\TextureMgr.cpp">
      <Filter>Source Files</Filter>
    </ClCompile>
    <ClCompile Include="..\..\rag-engine\src\Timer.cpp">
      <Filter>Source Files</Filter>
    </ClCompile>
    <ClCompile Include="..\..\rag-engine\src\Transform.cpp">
      <Filter>Source Files</Filter>
    </ClCompile>
    <ClCompile Include="..\..\rag-engine\src\TransformEvent.cpp">
      <Filter>Source Files</Filter>
    </ClCompile>
    <ClCompile Include="..\..\rag-engine\src\Tweener.cpp">
      <Filter>Source Files</Filter>
    </ClCompile>
  </ItemGroup>
  <ItemGroup>
    <ClInclude Include="..\..\rag-engine\src\Component_Base.h">
      <Filter>Header Files</Filter>
    </ClInclude>
    <ClInclude Include="..\..\rag-engine\src\Component_Dragging.h">
      <Filter>Header Files</Filter>
    </ClInclude>
    <ClInclude Include="..\..\rag-engine\src\DebugConsole.h">
      <Filter>Header Files</Filter>
    </ClInclude>
    <ClInclude Include="..\..\rag-engine\src\DisplayObject.h">
      <Filter>Header Files</Filter>
    </ClInclude>
    <ClInclude Include="..\..\rag-engine\src\DisplayObjectBase.h">
      <Filter>Header Files</Filter>
    </ClInclude>
    <ClInclude Include="..\..\rag-engine\src\DisplayObjectContainer.h">
      <Filter>Header Files</Filter>
    </ClInclude>
    <ClInclude Include="..\..\rag-engine\src\DragEvent.h">
      <Filter>Header Files</Filter>
    </ClInclude>
    <ClInclude Include="..\..\rag-engine\src\Entity.h">
      <Filter>Header Files</Filter>
    </ClInclude>
    <ClInclude Include="..\..\rag-engine\src\Entity_Bot.h">
      <Filter>Header Files</Filter>
    </ClInclude>
    <ClInclude Include="..\..\rag-engine\src\Entity_Emitter.h">
      <Filter>Header Files</Filter>
    </ClInclude>
    <ClInclude Include="..\..\rag-engine\src\Entity_Floor.h">
      <Filter>Header Files</Filter>
    </ClInclude>
    <ClInclude Include="..\..\rag-engine\src\Event.h">
      <Filter>Header Files</Filter>
    </ClInclude>
    <ClInclude Include="..\..\rag-engine\src\EventDispatcher.h">
      <Filter>Header Files</Filter>
    </ClInclude>
    <ClInclude Include="..\..\rag-engine\src\EventListener.h">
      <Filter>Header Files</Filter>
    </ClInclude>
    <ClInclude Include="..\..\rag-engine\src\FontMgr.h">
      <Filter>Header Files</Filter>
    </ClInclude>
    <ClInclude Include="..\..\rag-engine\src\GameGlobal.h">
      <Filter>Header Files</Filter>
    </ClInclude>
    <ClInclude Include="..\..\rag-engine\src\GradientRect.h">
      <Filter>Header Files</Filter>
    </ClInclude>
    <ClInclude Include="..\..\rag-engine\src\Graphics.h">
      <Filter>Header Files</Filter>
    </ClInclude>
    <ClInclude Include="..\..\rag-engine\src\GUI_Base.h">
      <Filter>Header Files</Filter>
    </ClInclude>
    <ClInclude Include="..\..\rag-engine\src\GUI_BaseContainer.h">
      <Filter>Header Files</Filter>
    </ClInclude>
    <ClInclude Include="..\..\rag-engine\src\GUI_Button.h">
      <Filter>Header Files</Filter>
    </ClInclude>
    <ClInclude Include="..\..\rag-engine\src\GUI_Image.h">
      <Filter>Header Files</Filter>
    </ClInclude>
    <ClInclude Include="..\..\rag-engine\src\GUI_Label.h">
      <Filter>Header Files</Filter>
    </ClInclude>
    <ClInclude Include="..\..\rag-engine\src\GUI_ScrollVBox.h">
      <Filter>Header Files</Filter>
    </ClInclude>
    <ClInclude Include="..\..\rag-engine\src\GUI_VBox.h">
      <Filter>Header Files</Filter>
    </ClInclude>
    <ClInclude Include="..\..\rag-engine\src\GUI_VScrollBar.h">
      <Filter>Header Files</Filter>
    </ClInclude>
    <ClInclude Include="..\..\rag-engine\src\GUI_Window.h">
      <Filter>Header Files</Filter>
    </ClInclude>
    <ClInclude Include="..\..\rag-engine\src\Helper.h">
      <Filter>Header Files</Filter>
    </ClInclude>
    <ClInclude Include="..\..\rag-engine\src\Kernel.h">
      <Filter>Header Files</Filter>
    </ClInclude>
    <ClInclude Include="..\..\rag-engine\src\KeyboardEvent.h">
      <Filter>Header Files</Filter>
    </ClInclude>
    <ClInclude Include="..\..\rag-engine\src\Logger.h">
      <Filter>Header Files</Filter>
    </ClInclude>
    <ClInclude Include="..\..\rag-engine\src\MouseEvent.h">
      <Filter>Header Files</Filter>
    </ClInclude>
    <ClInclude Include="..\..\rag-engine\src\Object.h">
      <Filter>Header Files</Filter>
    </ClInclude>
    <ClInclude Include="..\..\rag-engine\src\Page.h">
      <Filter>Header Files</Filter>
    </ClInclude>
    <ClInclude Include="..\..\rag-engine\src\Page_Default.h">
      <Filter>Header Files</Filter>
    </ClInclude>
    <ClInclude Include="..\..\rag-engine\src\Page_Gameplay.h">
      <Filter>Header Files</Filter>
    </ClInclude>
    <ClInclude Include="..\..\rag-engine\src\Page_GfxTest.h">
      <Filter>Header Files</Filter>
    </ClInclude>
    <ClInclude Include="..\..\rag-engine\src\Page_LuaTest.h">
      <Filter>Header Files</Filter>
    </ClInclude>
    <ClInclude Include="..\..\rag-engine\src\Page_TestCO.h">
      <Filter>Header Files</Filter>
    </ClInclude>
    <ClInclude Include="..\..\rag-engine\src\Page_TestDisplayObject.h">
      <Filter>Header Files</Filter>
    </ClInclude>
    <ClInclude Include="..\..\rag-engine\src\Page_TestFont.h">
      <Filter>Header Files</Filter>
    </ClInclude>
    <ClInclude Include="..\..\rag-engine\src\Page_TestLinearAlgebra.h">
      <Filter>Header Files</Filter>
    </ClInclude>
    <ClInclude Include="..\..\rag-engine\src\Page_TestUI.h">
      <Filter>Header Files</Filter>
    </ClInclude>
    <ClInclude Include="..\..\rag-engine\src\Primitive.h">
      <Filter>Header Files</Filter>
    </ClInclude>
    <ClInclude Include="..\..\rag-engine\src\Profiler.h">
      <Filter>Header Files</Filter>
    </ClInclude>
    <ClInclude Include="..\..\rag-engine\src\ScrollBarEvent.h">
      <Filter>Header Files</Filter>
    </ClInclude>
    <ClInclude Include="..\..\rag-engine\src\Settings.h">
      <Filter>Header Files</Filter>
    </ClInclude>
    <ClInclude Include="..\..\rag-engine\src\Stage.h">
      <Filter>Header Files</Filter>
    </ClInclude>
    <ClInclude Include="..\..\rag-engine\src\testpixel.h">
      <Filter>Header Files</Filter>
    </ClInclude>
    <ClInclude Include="..\..\rag-engine\src\Texture.h">
      <Filter>Header Files</Filter>
    </ClInclude>
    <ClInclude Include="..\..\rag-engine\src\TextureMgr.h">
      <Filter>Header Files</Filter>
    </ClInclude>
    <ClInclude Include="..\..\rag-engine\src\Timer.h">
      <Filter>Header Files</Filter>
    </ClInclude>
    <ClInclude Include="..\..\rag-engine\src\Transform.h">
      <Filter>Header Files</Filter>
    </ClInclude>
    <ClInclude Include="..\..\rag-engine\src\TransformEvent.h">
      <Filter>Header Files</Filter>
    </ClInclude>
    <ClInclude Include="..\..\rag-engine\src\Tweener.h">
      <Filter>Header Files</Filter>
    </ClInclude>
    <ClInclude Include="..\..\rag-engine\src\Types.h">
      <Filter>Header Files</Filter>
    </ClInclude>
    <ClInclude Include="clawSource\claw\meta\conditional.hpp">
      <Filter>Header Files</Filter>
    </ClInclude>
    <ClInclude Include="clawSource\claw\meta\is_base_of.hpp">
      <Filter>Header Files</Filter>
    </ClInclude>
    <ClInclude Include="clawSource\claw\meta\no_type.hpp">
      <Filter>Header Files</Filter>
    </ClInclude>
    <ClInclude Include="clawSource\claw\meta\same_type.hpp">
      <Filter>Header Files</Filter>
    </ClInclude>
    <ClInclude Include="clawSource\claw\meta\type_list.hpp">
      <Filter>Header Files</Filter>
    </ClInclude>
    <ClInclude Include="clawSource\claw\tween\easing\easing_back.hpp">
      <Filter>Header Files</Filter>
    </ClInclude>
    <ClInclude Include="clawSource\claw\tween\easing\easing_bounce.hpp">
      <Filter>Header Files</Filter>
    </ClInclude>
    <ClInclude Include="clawSource\claw\tween\easing\easing_circ.hpp">
      <Filter>Header Files</Filter>
    </ClInclude>
    <ClInclude Include="clawSource\claw\tween\easing\easing_cubic.hpp">
      <Filter>Header Files</Filter>
    </ClInclude>
    <ClInclude Include="clawSource\claw\tween\easing\easing_elastic.hpp">
      <Filter>Header Files</Filter>
    </ClInclude>
    <ClInclude Include="clawSource\claw\tween\easing\easing_expo.hpp">
      <Filter>Header Files</Filter>
    </ClInclude>
    <ClInclude Include="clawSource\claw\tween\easing\easing_linear.hpp">
      <Filter>Header Files</Filter>
    </ClInclude>
    <ClInclude Include="clawSource\claw\tween\easing\easing_none.hpp">
      <Filter>Header Files</Filter>
    </ClInclude>
    <ClInclude Include="clawSource\claw\tween\easing\easing_quad.hpp">
      <Filter>Header Files</Filter>
    </ClInclude>
    <ClInclude Include="clawSource\claw\tween\easing\easing_quart.hpp">
      <Filter>Header Files</Filter>
    </ClInclude>
    <ClInclude Include="clawSource\claw\tween\easing\easing_quint.hpp">
      <Filter>Header Files</Filter>
    </ClInclude>
    <ClInclude Include="clawSource\claw\tween\easing\easing_sine.hpp">
      <Filter>Header Files</Filter>
    </ClInclude>
    <ClInclude Include="clawSource\claw\tween\easing\symmetric_easing.hpp">
      <Filter>Header Files</Filter>
    </ClInclude>
    <ClInclude Include="clawSource\claw\tween\base_tweener.hpp">
      <Filter>Header Files</Filter>
    </ClInclude>
    <ClInclude Include="clawSource\claw\tween\single_tweener.hpp">
      <Filter>Header Files</Filter>
    </ClInclude>
    <ClInclude Include="clawSource\claw\tween\tweener.hpp">
      <Filter>Header Files</Filter>
    </ClInclude>
    <ClInclude Include="clawSource\claw\tween\tweener_group.hpp">
      <Filter>Header Files</Filter>
    </ClInclude>
    <ClInclude Include="clawSource\claw\tween\tweener_sequence.hpp">
      <Filter>Header Files</Filter>
    </ClInclude>
    <ClInclude Include="clawSource\claw\algorithm.hpp">
      <Filter>Header Files</Filter>
    </ClInclude>
    <ClInclude Include="clawSource\claw\application.hpp">
      <Filter>Header Files</Filter>
    </ClInclude>
    <ClInclude Include="clawSource\claw\arguments.hpp">
      <Filter>Header Files</Filter>
    </ClInclude>
    <ClInclude Include="clawSource\claw\arguments_table.hpp">
      <Filter>Header Files</Filter>
    </ClInclude>
    <ClInclude Include="clawSource\claw\assert.hpp">
      <Filter>Header Files</Filter>
    </ClInclude>
    <ClInclude Include="clawSource\claw\automaton.hpp">
      <Filter>Header Files</Filter>
    </ClInclude>
    <ClInclude Include="clawSource\claw\avl.hpp">
      <Filter>Header Files</Filter>
    </ClInclude>
    <ClInclude Include="clawSource\claw\avl_base.hpp">
      <Filter>Header Files</Filter>
    </ClInclude>
    <ClInclude Include="clawSource\claw\basic_singleton.hpp">
      <Filter>Header Files</Filter>
    </ClInclude>
    <ClInclude Include="clawSource\claw\basic_socket.hpp">
      <Filter>Header Files</Filter>
    </ClInclude>
    <ClInclude Include="clawSource\claw\basic_socketbuf.hpp">
      <Filter>Header Files</Filter>
    </ClInclude>
    <ClInclude Include="clawSource\claw\binary_node.hpp">
      <Filter>Header Files</Filter>
    </ClInclude>
    <ClInclude Include="clawSource\claw\bit_istream.hpp">
      <Filter>Header Files</Filter>
    </ClInclude>
    <ClInclude Include="clawSource\claw\bit_ostream.hpp">
      <Filter>Header Files</Filter>
    </ClInclude>
    <ClInclude Include="clawSource\claw\bitmap.hpp">
      <Filter>Header Files</Filter>
    </ClInclude>
    <ClInclude Include="clawSource\claw\box_2d.hpp">
      <Filter>Header Files</Filter>
    </ClInclude>
    <ClInclude Include="clawSource\claw\buffered_istream.hpp">
      <Filter>Header Files</Filter>
    </ClInclude>
    <ClInclude Include="clawSource\claw\buffered_ostream.hpp">
      <Filter>Header Files</Filter>
    </ClInclude>
    <ClInclude Include="clawSource\claw\claw.hpp">
      <Filter>Header Files</Filter>
    </ClInclude>
    <ClInclude Include="clawSource\claw\claw_gettext.hpp">
      <Filter>Header Files</Filter>
    </ClInclude>
    <ClInclude Include="clawSource\claw\color_palette.hpp">
      <Filter>Header Files</Filter>
    </ClInclude>
    <ClInclude Include="clawSource\claw\configuration_file.hpp">
      <Filter>Header Files</Filter>
    </ClInclude>
    <ClInclude Include="clawSource\claw\coordinate_2d.hpp">
      <Filter>Header Files</Filter>
    </ClInclude>
    <ClInclude Include="clawSource\claw\coordinate_traits.hpp">
      <Filter>Header Files</Filter>
    </ClInclude>
    <ClInclude Include="clawSource\claw\curve.hpp">
      <Filter>Header Files</Filter>
    </ClInclude>
    <ClInclude Include="clawSource\claw\dynamic_library.hpp">
      <Filter>Header Files</Filter>
    </ClInclude>
    <ClInclude Include="clawSource\claw\dynamic_library_traits.hpp">
      <Filter>Header Files</Filter>
    </ClInclude>
    <ClInclude Include="clawSource\claw\dynamic_library_traits_unix.hpp">
      <Filter>Header Files</Filter>
    </ClInclude>
    <ClInclude Include="clawSource\claw\dynamic_library_traits_win32.hpp">
      <Filter>Header Files</Filter>
    </ClInclude>
    <ClInclude Include="clawSource\claw\exception.hpp">
      <Filter>Header Files</Filter>
    </ClInclude>
    <ClInclude Include="clawSource\claw\factory.hpp">
      <Filter>Header Files</Filter>
    </ClInclude>
    <ClInclude Include="clawSource\claw\functional.hpp">
      <Filter>Header Files</Filter>
    </ClInclude>
    <ClInclude Include="clawSource\claw\game_ai.hpp">
      <Filter>Header Files</Filter>
    </ClInclude>
    <ClInclude Include="clawSource\claw\gif.hpp">
      <Filter>Header Files</Filter>
    </ClInclude>
    <ClInclude Include="clawSource\claw\glob.hpp">
      <Filter>Header Files</Filter>
    </ClInclude>
    <ClInclude Include="clawSource\claw\graph.hpp">
      <Filter>Header Files</Filter>
    </ClInclude>
    <ClInclude Include="clawSource\claw\graph_algorithm.hpp">
      <Filter>Header Files</Filter>
    </ClInclude>
    <ClInclude Include="clawSource\claw\image.hpp">
      <Filter>Header Files</Filter>
    </ClInclude>
    <ClInclude Include="clawSource\claw\isocket_stream.hpp">
      <Filter>Header Files</Filter>
    </ClInclude>
    <ClInclude Include="clawSource\claw\it_index.hpp">
      <Filter>Header Files</Filter>
    </ClInclude>
    <ClInclude Include="clawSource\claw\iterator.hpp">
      <Filter>Header Files</Filter>
    </ClInclude>
    <ClInclude Include="clawSource\claw\jpeg.hpp">
      <Filter>Header Files</Filter>
    </ClInclude>
    <ClInclude Include="clawSource\claw\jpeg_error_manager.hpp">
      <Filter>Header Files</Filter>
    </ClInclude>
    <ClInclude Include="clawSource\claw\kmp.hpp">
      <Filter>Header Files</Filter>
    </ClInclude>
    <ClInclude Include="clawSource\claw\line_2d.hpp">
      <Filter>Header Files</Filter>
    </ClInclude>
    <ClInclude Include="clawSource\claw\log_level.hpp">
      <Filter>Header Files</Filter>
    </ClInclude>
    <ClInclude Include="clawSource\claw\log_stream.hpp">
      <Filter>Header Files</Filter>
    </ClInclude>
    <ClInclude Include="clawSource\claw\log_stream_concise.hpp">
      <Filter>Header Files</Filter>
    </ClInclude>
    <ClInclude Include="clawSource\claw\log_stream_uniq.hpp">
      <Filter>Header Files</Filter>
    </ClInclude>
    <ClInclude Include="clawSource\claw\logger.hpp">
      <Filter>Header Files</Filter>
    </ClInclude>
    <ClInclude Include="clawSource\claw\lzw_decoder.hpp">
      <Filter>Header Files</Filter>
    </ClInclude>
    <ClInclude Include="clawSource\claw\lzw_encoder.hpp">
      <Filter>Header Files</Filter>
    </ClInclude>
    <ClInclude Include="clawSource\claw\math.hpp">
      <Filter>Header Files</Filter>
    </ClInclude>
    <ClInclude Include="clawSource\claw\max_vector.hpp">
      <Filter>Header Files</Filter>
    </ClInclude>
    <ClInclude Include="clawSource\claw\meta.hpp">
      <Filter>Header Files</Filter>
    </ClInclude>
    <ClInclude Include="clawSource\claw\multi_type_map.hpp">
      <Filter>Header Files</Filter>
    </ClInclude>
    <ClInclude Include="clawSource\claw\multi_type_map_visitor.hpp">
      <Filter>Header Files</Filter>
    </ClInclude>
    <ClInclude Include="clawSource\claw\non_copyable.hpp">
      <Filter>Header Files</Filter>
    </ClInclude>
    <ClInclude Include="clawSource\claw\ordered_set.hpp">
      <Filter>Header Files</Filter>
    </ClInclude>
    <ClInclude Include="clawSource\claw\osocket_stream.hpp">
      <Filter>Header Files</Filter>
    </ClInclude>
    <ClInclude Include="clawSource\claw\pcx.hpp">
      <Filter>Header Files</Filter>
    </ClInclude>
    <ClInclude Include="clawSource\claw\pixel.hpp">
      <Filter>Header Files</Filter>
    </ClInclude>
    <ClInclude Include="clawSource\claw\png.hpp">
      <Filter>Header Files</Filter>
    </ClInclude>
    <ClInclude Include="clawSource\claw\real_number.hpp">
      <Filter>Header Files</Filter>
    </ClInclude>
    <ClInclude Include="clawSource\claw\rectangle.hpp">
      <Filter>Header Files</Filter>
    </ClInclude>
    <ClInclude Include="clawSource\claw\rle_decoder.hpp">
      <Filter>Header Files</Filter>
    </ClInclude>
    <ClInclude Include="clawSource\claw\rle_encoder.hpp">
      <Filter>Header Files</Filter>
    </ClInclude>
    <ClInclude Include="clawSource\claw\smart_ptr.hpp">
      <Filter>Header Files</Filter>
    </ClInclude>
    <ClInclude Include="clawSource\claw\socket_server.hpp">
      <Filter>Header Files</Filter>
    </ClInclude>
    <ClInclude Include="clawSource\claw\socket_stream.hpp">
      <Filter>Header Files</Filter>
    </ClInclude>
    <ClInclude Include="clawSource\claw\socket_traits.hpp">
      <Filter>Header Files</Filter>
    </ClInclude>
    <ClInclude Include="clawSource\claw\socket_traits_unix.hpp">
      <Filter>Header Files</Filter>
    </ClInclude>
    <ClInclude Include="clawSource\claw\socket_traits_win32.hpp">
      <Filter>Header Files</Filter>
    </ClInclude>
    <ClInclude Include="clawSource\claw\string_algorithm.hpp">
      <Filter>Header Files</Filter>
    </ClInclude>
    <ClInclude Include="clawSource\claw\system_info.hpp">
      <Filter>Header Files</Filter>
    </ClInclude>
    <ClInclude Include="clawSource\claw\system_info_unix.hpp">
      <Filter>Header Files</Filter>
    </ClInclude>
    <ClInclude Include="clawSource\claw\system_info_win32.hpp">
      <Filter>Header Files</Filter>
    </ClInclude>
    <ClInclude Include="clawSource\claw\targa.hpp">
      <Filter>Header Files</Filter>
    </ClInclude>
    <ClInclude Include="clawSource\claw\tree.hpp">
      <Filter>Header Files</Filter>
    </ClInclude>
    <ClInclude Include="clawSource\claw\trie.hpp">
      <Filter>Header Files</Filter>
    </ClInclude>
    <ClInclude Include="clawSource\claw\types.hpp">
      <Filter>Header Files</Filter>
    </ClInclude>
    <ClInclude Include="clawSource\claw\vector_2d.hpp">
      <Filter>Header Files</Filter>
    </ClInclude>
    <ClInclude Include="clawSource\claw\version.hpp">
      <Filter>Header Files</Filter>
    </ClInclude>
    <ClInclude Include="clawSource\claw\xbm.hpp">
      <Filter>Header Files</Filter>
    </ClInclude>
    <ClInclude Include="clawInclude\claw\meta\conditional.hpp">
      <Filter>Header Files</Filter>
    </ClInclude>
    <ClInclude Include="clawInclude\claw\meta\is_base_of.hpp">
      <Filter>Header Files</Filter>
    </ClInclude>
    <ClInclude Include="clawInclude\claw\meta\no_type.hpp">
      <Filter>Header Files</Filter>
    </ClInclude>
    <ClInclude Include="clawInclude\claw\meta\same_type.hpp">
      <Filter>Header Files</Filter>
    </ClInclude>
    <ClInclude Include="clawInclude\claw\meta\type_list.hpp">
      <Filter>Header Files</Filter>
    </ClInclude>
    <ClInclude Include="clawInclude\claw\tween\easing\easing_back.hpp">
      <Filter>Header Files</Filter>
    </ClInclude>
    <ClInclude Include="clawInclude\claw\tween\easing\easing_bounce.hpp">
      <Filter>Header Files</Filter>
    </ClInclude>
    <ClInclude Include="clawInclude\claw\tween\easing\easing_circ.hpp">
      <Filter>Header Files</Filter>
    </ClInclude>
    <ClInclude Include="clawInclude\claw\tween\easing\easing_cubic.hpp">
      <Filter>Header Files</Filter>
    </ClInclude>
    <ClInclude Include="clawInclude\claw\tween\easing\easing_elastic.hpp">
      <Filter>Header Files</Filter>
    </ClInclude>
    <ClInclude Include="clawInclude\claw\tween\easing\easing_expo.hpp">
      <Filter>Header Files</Filter>
    </ClInclude>
    <ClInclude Include="clawInclude\claw\tween\easing\easing_linear.hpp">
      <Filter>Header Files</Filter>
    </ClInclude>
    <ClInclude Include="clawInclude\claw\tween\easing\easing_none.hpp">
      <Filter>Header Files</Filter>
    </ClInclude>
    <ClInclude Include="clawInclude\claw\tween\easing\easing_quad.hpp">
      <Filter>Header Files</Filter>
    </ClInclude>
    <ClInclude Include="clawInclude\claw\tween\easing\easing_quart.hpp">
      <Filter>Header Files</Filter>
    </ClInclude>
    <ClInclude Include="clawInclude\claw\tween\easing\easing_quint.hpp">
      <Filter>Header Files</Filter>
    </ClInclude>
    <ClInclude Include="clawInclude\claw\tween\easing\easing_sine.hpp">
      <Filter>Header Files</Filter>
    </ClInclude>
    <ClInclude Include="clawInclude\claw\tween\easing\symmetric_easing.hpp">
      <Filter>Header Files</Filter>
    </ClInclude>
    <ClInclude Include="clawInclude\claw\tween\base_tweener.hpp">
      <Filter>Header Files</Filter>
    </ClInclude>
    <ClInclude Include="clawInclude\claw\tween\single_tweener.hpp">
      <Filter>Header Files</Filter>
    </ClInclude>
    <ClInclude Include="clawInclude\claw\tween\tweener.hpp">
      <Filter>Header Files</Filter>
    </ClInclude>
    <ClInclude Include="clawInclude\claw\tween\tweener_group.hpp">
      <Filter>Header Files</Filter>
    </ClInclude>
    <ClInclude Include="clawInclude\claw\tween\tweener_sequence.hpp">
      <Filter>Header Files</Filter>
    </ClInclude>
    <ClInclude Include="clawInclude\claw\algorithm.hpp">
      <Filter>Header Files</Filter>
    </ClInclude>
    <ClInclude Include="clawInclude\claw\application.hpp">
      <Filter>Header Files</Filter>
    </ClInclude>
    <ClInclude Include="clawInclude\claw\arguments.hpp">
      <Filter>Header Files</Filter>
    </ClInclude>
    <ClInclude Include="clawInclude\claw\arguments_table.hpp">
      <Filter>Header Files</Filter>
    </ClInclude>
    <ClInclude Include="clawInclude\claw\assert.hpp">
      <Filter>Header Files</Filter>
    </ClInclude>
    <ClInclude Include="clawInclude\claw\automaton.hpp">
      <Filter>Header Files</Filter>
    </ClInclude>
    <ClInclude Include="clawInclude\claw\avl.hpp">
      <Filter>Header Files</Filter>
    </ClInclude>
    <ClInclude Include="clawInclude\claw\avl_base.hpp">
      <Filter>Header Files</Filter>
    </ClInclude>
    <ClInclude Include="clawInclude\claw\basic_singleton.hpp">
      <Filter>Header Files</Filter>
    </ClInclude>
    <ClInclude Include="clawInclude\claw\basic_socket.hpp">
      <Filter>Header Files</Filter>
    </ClInclude>
    <ClInclude Include="clawInclude\claw\basic_socketbuf.hpp">
      <Filter>Header Files</Filter>
    </ClInclude>
    <ClInclude Include="clawInclude\claw\binary_node.hpp">
      <Filter>Header Files</Filter>
    </ClInclude>
    <ClInclude Include="clawInclude\claw\bit_istream.hpp">
      <Filter>Header Files</Filter>
    </ClInclude>
    <ClInclude Include="clawInclude\claw\bit_ostream.hpp">
      <Filter>Header Files</Filter>
    </ClInclude>
    <ClInclude Include="clawInclude\claw\bitmap.hpp">
      <Filter>Header Files</Filter>
    </ClInclude>
    <ClInclude Include="clawInclude\claw\box_2d.hpp">
      <Filter>Header Files</Filter>
    </ClInclude>
    <ClInclude Include="clawInclude\claw\buffered_istream.hpp">
      <Filter>Header Files</Filter>
    </ClInclude>
    <ClInclude Include="clawInclude\claw\buffered_ostream.hpp">
      <Filter>Header Files</Filter>
    </ClInclude>
    <ClInclude Include="clawInclude\claw\claw.hpp">
      <Filter>Header Files</Filter>
    </ClInclude>
    <ClInclude Include="clawInclude\claw\claw_gettext.hpp">
      <Filter>Header Files</Filter>
    </ClInclude>
    <ClInclude Include="clawInclude\claw\color_palette.hpp">
      <Filter>Header Files</Filter>
    </ClInclude>
    <ClInclude Include="clawInclude\claw\configuration_file.hpp">
      <Filter>Header Files</Filter>
    </ClInclude>
    <ClInclude Include="clawInclude\claw\coordinate_2d.hpp">
      <Filter>Header Files</Filter>
    </ClInclude>
    <ClInclude Include="clawInclude\claw\coordinate_traits.hpp">
      <Filter>Header Files</Filter>
    </ClInclude>
    <ClInclude Include="clawInclude\claw\curve.hpp">
      <Filter>Header Files</Filter>
    </ClInclude>
    <ClInclude Include="clawInclude\claw\dynamic_library.hpp">
      <Filter>Header Files</Filter>
    </ClInclude>
    <ClInclude Include="clawInclude\claw\dynamic_library_traits.hpp">
      <Filter>Header Files</Filter>
    </ClInclude>
    <ClInclude Include="clawInclude\claw\dynamic_library_traits_unix.hpp">
      <Filter>Header Files</Filter>
    </ClInclude>
    <ClInclude Include="clawInclude\claw\dynamic_library_traits_win32.hpp">
      <Filter>Header Files</Filter>
    </ClInclude>
    <ClInclude Include="clawInclude\claw\exception.hpp">
      <Filter>Header Files</Filter>
    </ClInclude>
    <ClInclude Include="clawInclude\claw\factory.hpp">
      <Filter>Header Files</Filter>
    </ClInclude>
    <ClInclude Include="clawInclude\claw\functional.hpp">
      <Filter>Header Files</Filter>
    </ClInclude>
    <ClInclude Include="clawInclude\claw\game_ai.hpp">
      <Filter>Header Files</Filter>
    </ClInclude>
    <ClInclude Include="clawInclude\claw\gif.hpp">
      <Filter>Header Files</Filter>
    </ClInclude>
    <ClInclude Include="clawInclude\claw\glob.hpp">
      <Filter>Header Files</Filter>
    </ClInclude>
    <ClInclude Include="clawInclude\claw\graph.hpp">
      <Filter>Header Files</Filter>
    </ClInclude>
    <ClInclude Include="clawInclude\claw\graph_algorithm.hpp">
      <Filter>Header Files</Filter>
    </ClInclude>
    <ClInclude Include="clawInclude\claw\image.hpp">
      <Filter>Header Files</Filter>
    </ClInclude>
    <ClInclude Include="clawInclude\claw\isocket_stream.hpp">
      <Filter>Header Files</Filter>
    </ClInclude>
    <ClInclude Include="clawInclude\claw\it_index.hpp">
      <Filter>Header Files</Filter>
    </ClInclude>
    <ClInclude Include="clawInclude\claw\iterator.hpp">
      <Filter>Header Files</Filter>
    </ClInclude>
    <ClInclude Include="clawInclude\claw\jpeg.hpp">
      <Filter>Header Files</Filter>
    </ClInclude>
    <ClInclude Include="clawInclude\claw\jpeg_error_manager.hpp">
      <Filter>Header Files</Filter>
    </ClInclude>
    <ClInclude Include="clawInclude\claw\kmp.hpp">
      <Filter>Header Files</Filter>
    </ClInclude>
    <ClInclude Include="clawInclude\claw\line_2d.hpp">
      <Filter>Header Files</Filter>
    </ClInclude>
    <ClInclude Include="clawInclude\claw\log_level.hpp">
      <Filter>Header Files</Filter>
    </ClInclude>
    <ClInclude Include="clawInclude\claw\log_stream.hpp">
      <Filter>Header Files</Filter>
    </ClInclude>
    <ClInclude Include="clawInclude\claw\log_stream_concise.hpp">
      <Filter>Header Files</Filter>
    </ClInclude>
    <ClInclude Include="clawInclude\claw\log_stream_uniq.hpp">
      <Filter>Header Files</Filter>
    </ClInclude>
    <ClInclude Include="clawInclude\claw\logger.hpp">
      <Filter>Header Files</Filter>
    </ClInclude>
    <ClInclude Include="clawInclude\claw\lzw_decoder.hpp">
      <Filter>Header Files</Filter>
    </ClInclude>
    <ClInclude Include="clawInclude\claw\lzw_encoder.hpp">
      <Filter>Header Files</Filter>
    </ClInclude>
    <ClInclude Include="clawInclude\claw\math.hpp">
      <Filter>Header Files</Filter>
    </ClInclude>
    <ClInclude Include="clawInclude\claw\max_vector.hpp">
      <Filter>Header Files</Filter>
    </ClInclude>
    <ClInclude Include="clawInclude\claw\meta.hpp">
      <Filter>Header Files</Filter>
    </ClInclude>
    <ClInclude Include="clawInclude\claw\multi_type_map.hpp">
      <Filter>Header Files</Filter>
    </ClInclude>
    <ClInclude Include="clawInclude\claw\multi_type_map_visitor.hpp">
      <Filter>Header Files</Filter>
    </ClInclude>
    <ClInclude Include="clawInclude\claw\non_copyable.hpp">
      <Filter>Header Files</Filter>
    </ClInclude>
    <ClInclude Include="clawInclude\claw\ordered_set.hpp">
      <Filter>Header Files</Filter>
    </ClInclude>
    <ClInclude Include="clawInclude\claw\osocket_stream.hpp">
      <Filter>Header Files</Filter>
    </ClInclude>
    <ClInclude Include="clawInclude\claw\pcx.hpp">
      <Filter>Header Files</Filter>
    </ClInclude>
    <ClInclude Include="clawInclude\claw\pixel.hpp">
      <Filter>Header Files</Filter>
    </ClInclude>
    <ClInclude Include="clawInclude\claw\png.hpp">
      <Filter>Header Files</Filter>
    </ClInclude>
    <ClInclude Include="clawInclude\claw\real_number.hpp">
      <Filter>Header Files</Filter>
    </ClInclude>
    <ClInclude Include="clawInclude\claw\rectangle.hpp">
      <Filter>Header Files</Filter>
    </ClInclude>
    <ClInclude Include="clawInclude\claw\rle_decoder.hpp">
      <Filter>Header Files</Filter>
    </ClInclude>
    <ClInclude Include="clawInclude\claw\rle_encoder.hpp">
      <Filter>Header Files</Filter>
    </ClInclude>
    <ClInclude Include="clawInclude\claw\smart_ptr.hpp">
      <Filter>Header Files</Filter>
    </ClInclude>
    <ClInclude Include="clawInclude\claw\socket_server.hpp">
      <Filter>Header Files</Filter>
    </ClInclude>
    <ClInclude Include="clawInclude\claw\socket_stream.hpp">
      <Filter>Header Files</Filter>
    </ClInclude>
    <ClInclude Include="clawInclude\claw\socket_traits.hpp">
      <Filter>Header Files</Filter>
    </ClInclude>
    <ClInclude Include="clawInclude\claw\socket_traits_unix.hpp">
      <Filter>Header Files</Filter>
    </ClInclude>
    <ClInclude Include="clawInclude\claw\socket_traits_win32.hpp">
      <Filter>Header Files</Filter>
    </ClInclude>
    <ClInclude Include="clawInclude\claw\string_algorithm.hpp">
      <Filter>Header Files</Filter>
    </ClInclude>
    <ClInclude Include="clawInclude\claw\system_info.hpp">
      <Filter>Header Files</Filter>
    </ClInclude>
    <ClInclude Include="clawInclude\claw\system_info_unix.hpp">
      <Filter>Header Files</Filter>
    </ClInclude>
    <ClInclude Include="clawInclude\claw\system_info_win32.hpp">
      <Filter>Header Files</Filter>
    </ClInclude>
    <ClInclude Include="clawInclude\claw\targa.hpp">
      <Filter>Header Files</Filter>
    </ClInclude>
    <ClInclude Include="clawInclude\claw\tree.hpp">
      <Filter>Header Files</Filter>
    </ClInclude>
    <ClInclude Include="clawInclude\claw\trie.hpp">
      <Filter>Header Files</Filter>
    </ClInclude>
    <ClInclude Include="clawInclude\claw\types.hpp">
      <Filter>Header Files</Filter>
    </ClInclude>
    <ClInclude Include="clawInclude\claw\vector_2d.hpp">
      <Filter>Header Files</Filter>
    </ClInclude>
    <ClInclude Include="clawInclude\claw\version.hpp">
      <Filter>Header Files</Filter>
    </ClInclude>
    <ClInclude Include="clawInclude\claw\xbm.hpp">
      <Filter>Header Files</Filter>
    </ClInclude>
  </ItemGroup>
</Project>